
Microsoft Visual Studio Solution File, Format Version 12.00
# Visual Studio Version 17
VisualStudioVersion = 17.5.33516.290
MinimumVisualStudioVersion = 10.0.40219.1
Project("{FAE04EC0-301F-11D3-BF4B-00C04F79EFBC}") = "NuggetAPIwrapper", "NuggetAPIwrapper\NuggetAPIwrapper.csproj", "{EE33DD0F-B691-4390-806E-B447B20A97FC}"
EndProject
Global
	GlobalSection(SolutionConfigurationPlatforms) = preSolution
		Debug|Any CPU = Debug|Any CPU
		Release|Any CPU = Release|Any CPU
	EndGlobalSection
	GlobalSection(ProjectConfigurationPlatforms) = postSolution
		{EE33DD0F-B691-4390-806E-B447B20A97FC}.Debug|Any CPU.ActiveCfg = Debug|Any CPU
		{EE33DD0F-B691-4390-806E-B447B20A97FC}.Debug|Any CPU.Build.0 = Debug|Any CPU
		{EE33DD0F-B691-4390-806E-B447B20A97FC}.Release|Any CPU.ActiveCfg = Release|Any CPU
		{EE33DD0F-B691-4390-806E-B447B20A97FC}.Release|Any CPU.Build.0 = Release|Any CPU
	EndGlobalSection
	GlobalSection(SolutionProperties) = preSolution
		HideSolutionNode = FALSE
	EndGlobalSection
	GlobalSection(ExtensibilityGlobals) = postSolution
		SolutionGuid = {1D3B5D4B-482E-4932-9156-97B0CD262579}
	EndGlobalSection
EndGlobal
